
Microsoft Visual Studio Solution File, Format Version 12.00
# Visual Studio Version 16
VisualStudioVersion = 16.0.30413.136
MinimumVisualStudioVersion = 10.0.40219.1
Project("{FAE04EC0-301F-11D3-BF4B-00C04F79EFBC}") = "IterationStatementExercise", "IterationStatementExercise\IterationStatementExercise.csproj", "{3ADD192C-89F0-4C9C-A9B9-7387780C61CC}"
EndProject
Global
	GlobalSection(SolutionConfigurationPlatforms) = preSolution
		Debug|Any CPU = Debug|Any CPU
		Release|Any CPU = Release|Any CPU
	EndGlobalSection
	GlobalSection(ProjectConfigurationPlatforms) = postSolution
		{3ADD192C-89F0-4C9C-A9B9-7387780C61CC}.Debug|Any CPU.ActiveCfg = Debug|Any CPU
		{3ADD192C-89F0-4C9C-A9B9-7387780C61CC}.Debug|Any CPU.Build.0 = Debug|Any CPU
		{3ADD192C-89F0-4C9C-A9B9-7387780C61CC}.Release|Any CPU.ActiveCfg = Release|Any CPU
		{3ADD192C-89F0-4C9C-A9B9-7387780C61CC}.Release|Any CPU.Build.0 = Release|Any CPU
	EndGlobalSection
	GlobalSection(SolutionProperties) = preSolution
		HideSolutionNode = FALSE
	EndGlobalSection
	GlobalSection(ExtensibilityGlobals) = postSolution
		SolutionGuid = {800F2DAD-9835-4147-8C64-AFEDC08FCBD1}
	EndGlobalSection
EndGlobal
